{
  "name": "objtorbxmeshjs",
  "version": "1.0.0",
  "lockfileVersion": 3,
  "requires": true,
  "packages": {
    "": {
      "name": "objtorbxmeshjs",
      "version": "1.0.0",
      "license": "ISC",
      "dependencies": {
        "obj-file-parser": "^0.6.2"
      }
    },
    "node_modules/obj-file-parser": {
      "version": "0.6.2",
      "resolved": "https://registry.npmjs.org/obj-file-parser/-/obj-file-parser-0.6.2.tgz",
      "integrity": "sha512-eATpidA23O619wNjAcrve3WkNQ0vSTLiPSR8DLjPXrguD1DsN0/S49EMAI1T3wzhUD0aLGIiAZXLnWjORGOlng=="
    }
  }
}
